
Microsoft Visual Studio Solution File, Format Version 12.00
# Visual Studio Version 17
VisualStudioVersion = 17.8.34330.188
MinimumVisualStudioVersion = 10.0.40219.1
Project("{9A19103F-16F7-4668-BE54-9A1E7A4F7556}") = "Sofra.API", "Sofra.API\Sofra.API.csproj", "{EEA19B87-0511-475E-A2CA-3F178B1B559C}"
EndProject
Project("{9A19103F-16F7-4668-BE54-9A1E7A4F7556}") = "Sofra.Data", "Sofra.Data\Sofra.Data.csproj", "{16B0B275-0F49-49FE-A596-788DDE7F3DAA}"
EndProject
Project("{9A19103F-16F7-4668-BE54-9A1E7A4F7556}") = "Sofra.DAL", "Sofra.DAL\Sofra.DAL.csproj", "{155AF34B-6F64-4BC4-984B-F1BB628E8D12}"
EndProject
Project("{9A19103F-16F7-4668-BE54-9A1E7A4F7556}") = "Sofra.Service", "Sofra.Service\Sofra.Service.csproj", "{BF6A98C2-28B5-41D0-96E3-F59CC95353C2}"
EndProject
Project("{54A90642-561A-4BB1-A94E-469ADEE60C69}") = "Sofra.UI", "Sofra.UI\Sofra.UI.esproj", "{CF86448F-ED78-417B-8EA6-4EC3D24AD5EE}"
EndProject
Project("{FAE04EC0-301F-11D3-BF4B-00C04F79EFBC}") = "Sofra.Tests", "Sofra.Tests\Sofra.Tests.csproj", "{8104D931-B39B-4833-8EC7-64A205F01E6C}"
EndProject
Global
	GlobalSection(SolutionConfigurationPlatforms) = preSolution
		Debug|Any CPU = Debug|Any CPU
		Release|Any CPU = Release|Any CPU
	EndGlobalSection
	GlobalSection(ProjectConfigurationPlatforms) = postSolution
		{EEA19B87-0511-475E-A2CA-3F178B1B559C}.Debug|Any CPU.ActiveCfg = Debug|Any CPU
		{EEA19B87-0511-475E-A2CA-3F178B1B559C}.Debug|Any CPU.Build.0 = Debug|Any CPU
		{EEA19B87-0511-475E-A2CA-3F178B1B559C}.Release|Any CPU.ActiveCfg = Release|Any CPU
		{EEA19B87-0511-475E-A2CA-3F178B1B559C}.Release|Any CPU.Build.0 = Release|Any CPU
		{16B0B275-0F49-49FE-A596-788DDE7F3DAA}.Debug|Any CPU.ActiveCfg = Debug|Any CPU
		{16B0B275-0F49-49FE-A596-788DDE7F3DAA}.Debug|Any CPU.Build.0 = Debug|Any CPU
		{16B0B275-0F49-49FE-A596-788DDE7F3DAA}.Release|Any CPU.ActiveCfg = Release|Any CPU
		{16B0B275-0F49-49FE-A596-788DDE7F3DAA}.Release|Any CPU.Build.0 = Release|Any CPU
		{155AF34B-6F64-4BC4-984B-F1BB628E8D12}.Debug|Any CPU.ActiveCfg = Debug|Any CPU
		{155AF34B-6F64-4BC4-984B-F1BB628E8D12}.Debug|Any CPU.Build.0 = Debug|Any CPU
		{155AF34B-6F64-4BC4-984B-F1BB628E8D12}.Release|Any CPU.ActiveCfg = Release|Any CPU
		{155AF34B-6F64-4BC4-984B-F1BB628E8D12}.Release|Any CPU.Build.0 = Release|Any CPU
		{BF6A98C2-28B5-41D0-96E3-F59CC95353C2}.Debug|Any CPU.ActiveCfg = Debug|Any CPU
		{BF6A98C2-28B5-41D0-96E3-F59CC95353C2}.Debug|Any CPU.Build.0 = Debug|Any CPU
		{BF6A98C2-28B5-41D0-96E3-F59CC95353C2}.Release|Any CPU.ActiveCfg = Release|Any CPU
		{BF6A98C2-28B5-41D0-96E3-F59CC95353C2}.Release|Any CPU.Build.0 = Release|Any CPU
		{CF86448F-ED78-417B-8EA6-4EC3D24AD5EE}.Debug|Any CPU.ActiveCfg = Debug|Any CPU
		{CF86448F-ED78-417B-8EA6-4EC3D24AD5EE}.Debug|Any CPU.Build.0 = Debug|Any CPU
		{CF86448F-ED78-417B-8EA6-4EC3D24AD5EE}.Release|Any CPU.ActiveCfg = Release|Any CPU
		{CF86448F-ED78-417B-8EA6-4EC3D24AD5EE}.Release|Any CPU.Build.0 = Release|Any CPU
		{CF86448F-ED78-417B-8EA6-4EC3D24AD5EE}.Release|Any CPU.Deploy.0 = Release|Any CPU
		{8104D931-B39B-4833-8EC7-64A205F01E6C}.Debug|Any CPU.ActiveCfg = Debug|Any CPU
		{8104D931-B39B-4833-8EC7-64A205F01E6C}.Debug|Any CPU.Build.0 = Debug|Any CPU
		{8104D931-B39B-4833-8EC7-64A205F01E6C}.Release|Any CPU.ActiveCfg = Release|Any CPU
		{8104D931-B39B-4833-8EC7-64A205F01E6C}.Release|Any CPU.Build.0 = Release|Any CPU
	EndGlobalSection
	GlobalSection(SolutionProperties) = preSolution
		HideSolutionNode = FALSE
	EndGlobalSection
	GlobalSection(ExtensibilityGlobals) = postSolution
		SolutionGuid = {BAE9233F-9264-4EF2-AFFF-F67DAFEFF64A}
	EndGlobalSection
EndGlobal
